lockVersion: 2.0.0
id: 29cfdd98-e13b-4623-b529-885b7ad9a604
management:
  docChecksum: 48b665753822e4a7157d85cc441e7b3f
  docVersion: 3.0.0
  speakeasyVersion: 1.396.2
  generationVersion: 2.415.0
  releaseVersion: 0.3.0
  configChecksum: 4b1c143572c55d5f0d7a2bff6fc04ed5
  repoURL: https://github.com/speakeasy-sdks/template-sdk-monorepo.git
  repoSubDirectory: lending
  installationURL: https://gitpkg.now.sh/speakeasy-sdks/template-sdk-monorepo/lending
features:
  typescript:
    additionalDependencies: 0.1.0
    constsAndDefaults: 0.1.11
    core: 3.17.0
    defaultEnabledRetries: 0.1.0
    deprecations: 2.81.1
    envVarSecurityUsage: 0.1.1
    examples: 2.81.4
    flattening: 2.81.1
    globalSecurity: 2.82.11
    globalSecurityCallbacks: 0.1.0
    globalSecurityFlattening: 0.1.0
    globalServerURLs: 2.82.4
    nameOverrides: 2.81.2
    nullables: 0.1.0
    responseFormat: 0.2.3
    retries: 2.83.0
    sdkHooks: 0.1.0
    serverEventsSentinels: 0.1.0
generatedFiles:
  - .eslintrc.cjs
  - .gitattributes
  - .npmignore
  - CONTRIBUTING.md
  - FUNCTIONS.md
  - RUNTIMES.md
  - USAGE.md
  - docs/lib/utils/retryconfig.md
  - docs/models/components/companies.md
  - docs/models/components/company.md
  - docs/models/components/companyrequestbody.md
  - docs/models/components/connection.md
  - docs/models/components/dataconnectionerror.md
  - docs/models/components/dataconnectionstatus.md
  - docs/models/components/errorvalidation.md
  - docs/models/components/errorvalidationitem.md
  - docs/models/components/groupreference.md
  - docs/models/components/halref.md
  - docs/models/components/httpmetadata.md
  - docs/models/components/items.md
  - docs/models/components/links.md
  - docs/models/components/security.md
  - docs/models/components/sourcetype.md
  - docs/models/errors/errormessage.md
  - docs/models/operations/createcompanyresponse.md
  - docs/models/operations/deletecompanyrequest.md
  - docs/models/operations/deletecompanyresponse.md
  - docs/models/operations/getcompanyrequest.md
  - docs/models/operations/getcompanyresponse.md
  - docs/models/operations/listcompaniesrequest.md
  - docs/models/operations/listcompaniesresponse.md
  - docs/models/operations/updatecompanyrequest.md
  - docs/models/operations/updatecompanyresponse.md
  - docs/sdks/companies/README.md
  - docs/sdks/lendingts/README.md
  - jsr.json
  - package.json
  - src/core.ts
  - src/funcs/companiesCreate.ts
  - src/funcs/companiesDelete.ts
  - src/funcs/companiesGet.ts
  - src/funcs/companiesList.ts
  - src/funcs/companiesUpdate.ts
  - src/hooks/hooks.ts
  - src/hooks/index.ts
  - src/hooks/types.ts
  - src/index.ts
  - src/lib/base64.ts
  - src/lib/config.ts
  - src/lib/dlv.ts
  - src/lib/encodings.ts
  - src/lib/files.ts
  - src/lib/http.ts
  - src/lib/is-plain-object.ts
  - src/lib/logger.ts
  - src/lib/matchers.ts
  - src/lib/primitives.ts
  - src/lib/retries.ts
  - src/lib/schemas.ts
  - src/lib/sdks.ts
  - src/lib/security.ts
  - src/lib/url.ts
  - src/models/components/companies.ts
  - src/models/components/company.ts
  - src/models/components/companyrequestbody.ts
  - src/models/components/connection.ts
  - src/models/components/dataconnectionerror.ts
  - src/models/components/dataconnectionstatus.ts
  - src/models/components/errorvalidation.ts
  - src/models/components/errorvalidationitem.ts
  - src/models/components/halref.ts
  - src/models/components/httpmetadata.ts
  - src/models/components/index.ts
  - src/models/components/items.ts
  - src/models/components/links.ts
  - src/models/components/security.ts
  - src/models/errors/errormessage.ts
  - src/models/errors/httpclienterrors.ts
  - src/models/errors/index.ts
  - src/models/errors/sdkerror.ts
  - src/models/errors/sdkvalidationerror.ts
  - src/models/operations/createcompany.ts
  - src/models/operations/deletecompany.ts
  - src/models/operations/getcompany.ts
  - src/models/operations/index.ts
  - src/models/operations/listcompanies.ts
  - src/models/operations/updatecompany.ts
  - src/sdk/companies.ts
  - src/sdk/index.ts
  - src/sdk/sdk.ts
  - src/types/blobs.ts
  - src/types/constdatetime.ts
  - src/types/enums.ts
  - src/types/fp.ts
  - src/types/index.ts
  - src/types/operations.ts
  - src/types/rfcdate.ts
  - src/types/streams.ts
  - tsconfig.json
examples:
  list-companies:
    "":
      parameters:
        query:
          page: 1
          pageSize: 100
          query: "id=e3334455-1aed-4e71-ab43-6bccf12092ee"
          orderBy: "-modifiedDate"
      responses:
        "200":
          application/json: {"results": [{"id": "0498e921-9b53-4396-a412-4f2f5983b0a2", "name": "string", "description": "Requested early access to the new financing scheme.", "platform": "string", "redirect": "https://link.codat.io/company/27628208-459c-46a2-a705-5641ce25f739", "lastSync": "2022-01-01T12:00:00.000Z", "created": "2022-01-01T12:00:00.000Z", "createdByUserName": "string", "dataConnections": [{"id": "ee2eb431-c0fa-4dc9-93fa-d29781c12bcd", "integrationId": "bf083d72-62c7-493e-aec9-81b4dbba7e2c", "integrationKey": "dfxm", "sourceId": "bdd831ce-eebd-4896-89a7-20e5ee8989ee", "sourceType": "Banking", "platformName": "Basiq", "linkUrl": "https://link-api.codat.io/companies/86bd88cb-44ab-4dfb-b32f-87b19b14287f/connections/ee2eb431-c0fa-4dc9-93fa-d29781c12bcd/start", "status": "Linked", "lastSync": "2022-10-27T10:22:43.6464237Z", "created": "2022-10-27T09:53:29Z", "dataConnectionErrors": []}], "groups": [{"id": "d7a6c4b4-dc87-45f6-b803-62f466398680"}]}], "pageNumber": 1, "pageSize": 10, "totalResults": 1, "_links": {"self": {"href": "/companies/{id}/data/{dataType}"}, "current": {"href": "/companies/{id}/data/{dataType}?page=1&pageSize=10"}}}
        "400": {}
    One company:
      parameters:
        query:
          page: 1
          pageSize: 100
          query: "id=e3334455-1aed-4e71-ab43-6bccf12092ee"
          orderBy: "-modifiedDate"
      responses:
        "200":
          application/json: {"results": [{"id": "3fa85f64-5717-4562-b3fc-2c963f66afa6", "name": "My Test Company", "description": "My Test Company make testing software", "platform": "", "redirect": "https://link.codat.io/company/3fa85f64-5717-4562-b3fc-2c963f66afa6", "lastSync": "2022-01-01T12:30:00.000Z", "created": "2022-01-01T11:30:00Z", "createdByUserName": "Mike Smith", "dataConnections": [{"id": "51baa045-4836-4317-a42e-3542e991e581", "integrationId": "1c312d69-e638-46d4-ad31-72e6c3ba8390", "integrationKey": "vjms", "sourceId": "396c3158-5dd7-481b-a7c4-a795ca31792b", "sourceType": "Accounting", "platformName": "Pandle", "linkUrl": "https://link-api.codat.io/companies/3fa85f64-5717-4562-b3fc-2c963f66afa6/connections/51baa045-4836-4317-a42e-3542e991e581/start", "status": "Linked", "lastSync": "2022-01-01T12:30:00.000Z", "created": "2022-01-01T11:30:00Z", "dataConnectionErrors": []}], "groups": [{"id": "d7a6c4b4-dc87-45f6-b803-62f466398680"}]}], "pageNumber": 1, "pageSize": 100, "totalResults": 1, "_links": {"self": {"href": "/companies"}, "current": {"href": "/companies?page=1&pageSize=100"}}}
    List of Companies:
      parameters:
        query:
          page: 1
          pageSize: 100
          query: "id=e3334455-1aed-4e71-ab43-6bccf12092ee"
          orderBy: "-modifiedDate"
      responses:
        "200":
          application/json: {"results": [{"id": "d1568dde-adf6-11ed-afa1-0242ac120002", "name": "Technicalium", "description": "Technology services, including web and app design and development", "platform": "", "redirect": "https://link.codat.io/company/d1568dde-adf6-11ed-afa1-0242ac120002", "lastSync": "2022-01-01T12:30:00.000Z", "created": "2022-01-01T11:30:00Z", "createdByUserName": "Joe Bloggs", "dataConnections": [{"id": "51baa045-4836-4317-a42e-3542e991e581", "integrationId": "1c312d69-e638-46d4-ad31-72e6c3ba8390", "integrationKey": "vjms", "sourceId": "396c3158-5dd7-481b-a7c4-a795ca31792b", "sourceType": "Accounting", "platformName": "Pandle", "linkUrl": "https://link-api.codat.io/companies/d1568dde-adf6-11ed-afa1-0242ac120002/connections/51baa045-4836-4317-a42e-3542e991e581/start", "status": "Linked", "lastSync": "2022-01-01T12:30:00.000Z", "created": "2022-01-01T11:30:00Z", "dataConnectionErrors": []}], "groups": []}, {"id": "096db70b-78de-4ff0-aa98-299cb5fe17a0", "name": "Godata", "description": "A new digital agency with a passion for creating amazing digital experiences", "platform": "", "redirect": "https://link.codat.io/company/096db70b-78de-4ff0-aa98-299cb5fe17a0", "lastSync": "2022-01-01T12:30:00.000Z", "created": "2022-01-01T11:30:00Z", "createdByUserName": "Mike Smith", "dataConnections": [{"id": "a70bc148-dc21-46b2-a257-d9c58ac15cbb", "integrationId": "1c312d69-e638-46d4-ad31-72e6c3ba8390", "integrationKey": "vjms", "sourceId": "396c3158-5dd7-481b-a7c4-a795ca31792b", "sourceType": "Accounting", "platformName": "Pandle", "linkUrl": "https://link-api.codat.io/companies/096db70b-78de-4ff0-aa98-299cb5fe17a0/connections/a70bc148-dc21-46b2-a257-d9c58ac15cbb/start", "status": "Linked", "lastSync": "2022-01-01T12:30:00.000Z", "created": "2022-01-01T11:30:00Z", "dataConnectionErrors": []}], "groups": []}], "pageNumber": 1, "pageSize": 100, "totalResults": 2, "_links": {"self": {"href": "/companies"}, "current": {"href": "/companies?page=1&pageSize=100"}}}
    Malformed query:
      parameters:
        query:
          page: 1
          pageSize: 100
          query: "id=e3334455-1aed-4e71-ab43-6bccf12092ee"
          orderBy: "-modifiedDate"
      responses:
        "400":
          application/json: {"statusCode": 400, "service": "ClientsApi", "error": "Error parsing query - Malformed query.", "correlationId": "bc997528a9d7abb9161ef45f05d38599", "canBeRetried": "Unknown", "detailedErrorCode": 0}
    Unresolved property:
      parameters:
        query:
          page: 1
          pageSize: 100
          query: "id=e3334455-1aed-4e71-ab43-6bccf12092ee"
          orderBy: "-modifiedDate"
      responses:
        "400":
          application/json: {"statusCode": 400, "service": "PullApi", "error": "Error parsing query - Could not resolve property isCompleted on Dataset", "correlationId": "98457fb9956b7f9b4b2fd4f6e23bb5c8", "canBeRetried": "Unknown", "detailedErrorCode": 0}
  create-company:
    With no description:
      requestBody:
        application/json: {"name": "Technicalium", "description": "Requested early access to the new financing scheme.", "groups": []}
      responses:
        "200":
          application/json: {"id": "ab12c58d-a678-4ebf-a159-ae99e1807bd0", "name": "Technicalium", "description": "", "platform": "", "redirect": "https://link.codat.io/company/ab12c58d-a678-4ebf-a159-ae99e1807bd0", "lastSync": "2022-10-23T00:00:00Z", "created": "2022-11-10T10:45:18.1950523Z", "createdByUserName": "Dan Tzabar", "dataConnections": [], "groups": []}
        "400": {}
    With a description:
      requestBody:
        application/json: {"name": "Technicalium", "description": "Technology services, including web and app design and development", "groups": []}
      responses:
        "200":
          application/json: {"id": "ab12c58d-a678-4ebf-a159-ae99e1807bd0", "name": "Technicalium", "description": "Technology services, including web and app design and development", "platform": "", "redirect": "https://link.codat.io/company/ab12c58d-a678-4ebf-a159-ae99e1807bd0", "lastSync": "2022-10-23T00:00:00Z", "created": "2022-11-10T10:45:18.1950523Z", "createdByUserName": "Dan Tzabar", "dataConnections": [], "groups": []}
        "400": {}
    With a group:
      requestBody:
        application/json: {"name": "Technicalium", "description": "Requested early access to the new financing scheme.", "groups": [{"id": "d7a6c4b4-dc87-45f6-b803-62f466398680"}]}
      responses:
        "200":
          application/json: {"id": "ab12c58d-a678-4ebf-a159-ae99e1807bd0", "name": "Technicalium", "description": "", "platform": "", "redirect": "https://link.codat.io/company/ab12c58d-a678-4ebf-a159-ae99e1807bd0", "lastSync": "2022-10-23T00:00:00Z", "created": "2022-11-10T10:45:18.1950523Z", "createdByUserName": "Dan Tzabar", "dataConnections": [], "groups": [{"id": "f8a6f6ed-9812-4d1e-ba48-4346348403c8"}]}
        "400": {}
    Malformed query:
      requestBody:
        application/json: {"name": "Bank of Dave", "description": "Requested early access to the new financing scheme.", "groups": []}
      responses:
        "400":
          application/json: {"statusCode": 400, "service": "PublicApi", "error": "Error processing request - not valid.", "correlationId": "bc997528a9d7abb9161ef45f05d38599", "canBeRetried": "Unknown", "detailedErrorCode": 0}
  update-company:
    Update name:
      parameters:
        path:
          companyId: "8a210b68-6988-11ed-a1eb-0242ac120002"
      requestBody:
        application/json: {"name": "New Name", "description": "Requested early access to the new financing scheme.", "groups": []}
      responses:
        "200":
          application/json: {"id": "0498e921-9b53-4396-a412-4f2f5983b0a2", "name": "string", "description": "Requested early access to the new financing scheme.", "platform": "string", "redirect": "https://link.codat.io/company/27628208-459c-46a2-a705-5641ce25f739", "lastSync": "2022-01-01T12:00:00.000Z", "created": "2022-01-01T12:00:00.000Z", "createdByUserName": "string", "dataConnections": [{"id": "ee2eb431-c0fa-4dc9-93fa-d29781c12bcd", "integrationId": "bf083d72-62c7-493e-aec9-81b4dbba7e2c", "integrationKey": "dfxm", "sourceId": "bdd831ce-eebd-4896-89a7-20e5ee8989ee", "sourceType": "Banking", "platformName": "Basiq", "linkUrl": "https://link-api.codat.io/companies/86bd88cb-44ab-4dfb-b32f-87b19b14287f/connections/ee2eb431-c0fa-4dc9-93fa-d29781c12bcd/start", "status": "Linked", "lastSync": "2022-10-27T10:22:43.6464237Z", "created": "2022-10-27T09:53:29Z", "dataConnectionErrors": []}], "groups": [{"id": "d7a6c4b4-dc87-45f6-b803-62f466398680"}]}
        "401": {}
    Update description:
      parameters:
        path:
          companyId: "8a210b68-6988-11ed-a1eb-0242ac120002"
      requestBody:
        application/json: {"name": "Same name", "description": "Additional documents required", "groups": []}
      responses:
        "200":
          application/json: {"id": "0498e921-9b53-4396-a412-4f2f5983b0a2", "name": "string", "description": "Requested early access to the new financing scheme.", "platform": "string", "redirect": "https://link.codat.io/company/27628208-459c-46a2-a705-5641ce25f739", "lastSync": "2022-01-01T12:00:00.000Z", "created": "2022-01-01T12:00:00.000Z", "createdByUserName": "string", "dataConnections": [{"id": "ee2eb431-c0fa-4dc9-93fa-d29781c12bcd", "integrationId": "bf083d72-62c7-493e-aec9-81b4dbba7e2c", "integrationKey": "dfxm", "sourceId": "bdd831ce-eebd-4896-89a7-20e5ee8989ee", "sourceType": "Banking", "platformName": "Basiq", "linkUrl": "https://link-api.codat.io/companies/86bd88cb-44ab-4dfb-b32f-87b19b14287f/connections/ee2eb431-c0fa-4dc9-93fa-d29781c12bcd/start", "status": "Linked", "lastSync": "2022-10-27T10:22:43.6464237Z", "created": "2022-10-27T09:53:29Z", "dataConnectionErrors": []}], "groups": [{"id": "d7a6c4b4-dc87-45f6-b803-62f466398680"}]}
        "401": {}
    Unauthorized:
      parameters:
        path:
          companyId: "8a210b68-6988-11ed-a1eb-0242ac120002"
      requestBody:
        application/json: {"name": "Bank of Dave", "description": "Requested early access to the new financing scheme.", "groups": []}
      responses:
        "401":
          application/json: {"statusCode": 401, "service": "PublicApi", "error": "Unauthorized", "correlationId": "7eb40d6b415d7bcd99ce658268284056", "canBeRetried": "Unknown", "detailedErrorCode": 0}
  delete-company:
    Unauthorized:
      parameters:
        path:
          companyId: "8a210b68-6988-11ed-a1eb-0242ac120002"
      responses:
        "401":
          application/json: {"statusCode": 401, "service": "PublicApi", "error": "Unauthorized", "correlationId": "7eb40d6b415d7bcd99ce658268284056", "canBeRetried": "Unknown", "detailedErrorCode": 0}
  get-company:
    Simple company:
      parameters:
        path:
          companyId: "8a210b68-6988-11ed-a1eb-0242ac120002"
      responses:
        "200":
          application/json: {"id": "ab12c58d-a678-4ebf-a159-ae99e1807bd0", "name": "My First Company", "description": "", "platform": "", "redirect": "https://link.codat.io/company/ab12c58d-a678-4ebf-a159-ae99e1807bd0", "lastSync": "2022-10-23T00:00:00Z", "created": "2022-11-10T10:45:18Z", "createdByUserName": "Dan Tzabar", "dataConnections": [], "groups": []}
    With groups:
      parameters:
        path:
          companyId: "8a210b68-6988-11ed-a1eb-0242ac120002"
      responses:
        "200":
          application/json: {"id": "ab12c58d-a678-4ebf-a159-ae99e1807bd0", "name": "My First Company", "description": "", "platform": "", "redirect": "https://link.codat.io/company/ab12c58d-a678-4ebf-a159-ae99e1807bd0", "lastSync": "2022-10-23T00:00:00Z", "created": "2022-11-10T10:45:18Z", "createdByUserName": "Dan Tzabar", "dataConnections": [], "groups": [{"id": "f8a6f6ed-9812-4d1e-ba48-4346348403c8"}]}
    Unauthorized:
      parameters:
        path:
          companyId: "8a210b68-6988-11ed-a1eb-0242ac120002"
      responses:
        "401":
          application/json: {"statusCode": 401, "service": "PublicApi", "error": "Unauthorized", "correlationId": "7eb40d6b415d7bcd99ce658268284056", "canBeRetried": "Unknown", "detailedErrorCode": 0}
