lockVersion: 2.0.0
id: ef897581-6141-4d3b-8020-231752f2daa4
management:
  docChecksum: dffee27feb3ffdf16d0b73e130a6aa81
  docVersion: 3.0.0
  speakeasyVersion: 1.310.0
  generationVersion: 2.347.4
  releaseVersion: 0.7.0
  configChecksum: 844396965747104614b3f2af4947ea01
  repoURL: https://github.com/speakeasy-sdks/template-sdk-monorepo.git
  repoSubDirectory: accounting
  installationURL: https://gitpkg.now.sh/speakeasy-sdks/template-sdk-monorepo/accounting
  published: true
features:
  typescript:
    additionalDependencies: 0.1.0
    constsAndDefaults: 0.1.5
    core: 3.10.0
    decimal: 0.1.2
    deprecations: 2.81.1
    examples: 2.81.4
    flattening: 2.81.1
    globalSecurity: 2.82.9
    globalSecurityCallbacks: 0.1.0
    globalSecurityFlattening: 0.1.0
    globalServerURLs: 2.82.4
    inputOutputModels: 2.82.0
    nameOverrides: 2.81.2
    nullables: 0.1.0
    responseFormat: 0.2.3
    retries: 2.83.0
    sdkHooks: 0.1.0
generatedFiles:
  - src/sdk/accounttransactions.ts
  - src/sdk/accounts.ts
  - src/sdk/sdk.ts
  - .eslintrc.cjs
  - .npmignore
  - RUNTIMES.md
  - jsr.json
  - package.json
  - src/index.ts
  - src/lib/base64.ts
  - src/lib/config.ts
  - src/lib/encodings.ts
  - src/lib/http.ts
  - src/lib/is-plain-object.ts
  - src/lib/primitives.ts
  - src/lib/retries.ts
  - src/lib/schemas.ts
  - src/lib/sdks.ts
  - src/lib/security.ts
  - src/lib/url.ts
  - src/sdk/index.ts
  - src/sdk/models/errors/sdkerror.ts
  - src/sdk/models/errors/sdkvalidationerror.ts
  - src/sdk/types/blobs.ts
  - src/sdk/types/decimal.ts
  - src/sdk/types/enums.ts
  - src/sdk/types/index.ts
  - src/sdk/types/operations.ts
  - src/sdk/types/rfcdate.ts
  - tsconfig.json
  - src/sdk/models/operations/getaccounttransaction.ts
  - src/sdk/models/operations/listaccounttransactions.ts
  - src/sdk/models/operations/createaccount.ts
  - src/sdk/models/operations/getaccount.ts
  - src/sdk/models/operations/getcreatechartofaccountsmodel.ts
  - src/sdk/models/operations/listaccounts.ts
  - src/sdk/models/shared/errormessage.ts
  - src/sdk/models/shared/errorvalidation.ts
  - src/sdk/models/shared/errorvalidationitem.ts
  - src/sdk/models/shared/accounttransaction.ts
  - src/sdk/models/shared/metadata.ts
  - src/sdk/models/shared/accounttransactionline.ts
  - src/sdk/models/shared/accounttransactionlinerecordref.ts
  - src/sdk/models/shared/bankaccountref.ts
  - src/sdk/models/shared/accounttransactions.ts
  - src/sdk/models/shared/links.ts
  - src/sdk/models/shared/halref.ts
  - src/sdk/models/shared/createaccountresponse.ts
  - src/sdk/models/shared/validation.ts
  - src/sdk/models/shared/validationitem.ts
  - src/sdk/models/shared/pushoperationstatus.ts
  - src/sdk/models/shared/datatype.ts
  - src/sdk/models/shared/validdatatypelinks.ts
  - src/sdk/models/shared/accounttype.ts
  - src/sdk/models/shared/supplementaldata.ts
  - src/sdk/models/shared/accountstatus.ts
  - src/sdk/models/shared/pushoperationchange.ts
  - src/sdk/models/shared/pushchangetype.ts
  - src/sdk/models/shared/pushoperationref.ts
  - src/sdk/models/shared/accountprototype.ts
  - src/sdk/models/shared/account.ts
  - src/sdk/models/shared/pushoption.ts
  - src/sdk/models/shared/pushvalidationinfo.ts
  - src/sdk/models/shared/pushfieldvalidation.ts
  - src/sdk/models/shared/pushoptiontype.ts
  - src/sdk/models/shared/pushoptionproperty.ts
  - src/sdk/models/shared/pushoptionchoice.ts
  - src/sdk/models/shared/accounts.ts
  - src/sdk/models/shared/security.ts
  - src/sdk/models/errors/index.ts
  - src/sdk/models/operations/index.ts
  - src/sdk/models/shared/index.ts
  - docs/sdk/models/operations/getaccounttransactionrequest.md
  - docs/sdk/models/operations/getaccounttransactionresponse.md
  - docs/sdk/models/operations/listaccounttransactionsrequest.md
  - docs/sdk/models/operations/listaccounttransactionsresponse.md
  - docs/sdk/models/operations/createaccountrequest.md
  - docs/sdk/models/operations/createaccountresponse.md
  - docs/sdk/models/operations/getaccountrequest.md
  - docs/sdk/models/operations/getaccountresponse.md
  - docs/sdk/models/operations/getcreatechartofaccountsmodelrequest.md
  - docs/sdk/models/operations/getcreatechartofaccountsmodelresponse.md
  - docs/sdk/models/operations/listaccountsrequest.md
  - docs/sdk/models/operations/listaccountsresponse.md
  - docs/sdk/models/shared/errormessage.md
  - docs/sdk/models/shared/errorvalidation.md
  - docs/sdk/models/shared/errorvalidationitem.md
  - docs/sdk/models/shared/status.md
  - docs/sdk/models/shared/accounttransaction.md
  - docs/sdk/models/shared/metadata.md
  - docs/sdk/models/shared/accounttransactionline.md
  - docs/sdk/models/shared/accounttransactionlinerecordrefdatatype.md
  - docs/sdk/models/shared/accounttransactionlinerecordref.md
  - docs/sdk/models/shared/bankaccountref.md
  - docs/sdk/models/shared/accounttransactions.md
  - docs/sdk/models/shared/links.md
  - docs/sdk/models/shared/halref.md
  - docs/sdk/models/shared/accountingaccount.md
  - docs/sdk/models/shared/createaccountresponse.md
  - docs/sdk/models/shared/validation.md
  - docs/sdk/models/shared/validationitem.md
  - docs/sdk/models/shared/pushoperationstatus.md
  - docs/sdk/models/shared/datatype.md
  - docs/sdk/models/shared/validdatatypelinks.md
  - docs/sdk/models/shared/accounttype.md
  - docs/sdk/models/shared/supplementaldata.md
  - docs/sdk/models/shared/accountstatus.md
  - docs/sdk/models/shared/pushoperationchange.md
  - docs/sdk/models/shared/pushchangetype.md
  - docs/sdk/models/shared/pushoperationref.md
  - docs/sdk/models/shared/accountprototype.md
  - docs/sdk/models/shared/account.md
  - docs/sdk/models/shared/pushoption.md
  - docs/sdk/models/shared/pushvalidationinfo.md
  - docs/sdk/models/shared/pushfieldvalidation.md
  - docs/sdk/models/shared/pushoptiontype.md
  - docs/sdk/models/shared/pushoptionproperty.md
  - docs/sdk/models/shared/pushoptionchoice.md
  - docs/sdk/models/shared/accounts.md
  - docs/sdk/models/shared/security.md
  - docs/sdks/accounting/README.md
  - docs/lib/utils/retryconfig.md
  - docs/sdks/accounttransactions/README.md
  - docs/sdks/accounts/README.md
  - USAGE.md
  - .gitattributes
  - src/hooks/hooks.ts
  - src/hooks/types.ts
  - src/hooks/index.ts
