speakeasyVersion: 1.296.1
sources:
    accounting:
        sourceNamespace: accounting
        sourceRevisionDigest: sha256:5e282bee33d1b8996c9d4d9bd50724a57ba308514bcc7c0b69ee1c39f44cd39f
        sourceBlobDigest: sha256:5f1cc761dc56e7ca4021510061eebb912db4ba7736e61c5a9ccd633a416c2611
        tags:
            - latest
            - main
    lending:
        sourceNamespace: lending
        sourceRevisionDigest: sha256:1f09cd1cbff0424a1970a73e4829a80f7ba7a339f3d720a793e9e2b65ad17fe1
        sourceBlobDigest: sha256:fa9d95b78d45713a72c0e0606cd94aab70c76d28d8edb2c33545d078dc15d36b
        tags:
            - latest
            - main
targets:
    accounting-ts:
        source: accounting
        sourceNamespace: accounting
        sourceRevisionDigest: sha256:5e282bee33d1b8996c9d4d9bd50724a57ba308514bcc7c0b69ee1c39f44cd39f
        sourceBlobDigest: sha256:5f1cc761dc56e7ca4021510061eebb912db4ba7736e61c5a9ccd633a416c2611
        outLocation: ./accounting
    lending-ts:
        source: lending
        sourceNamespace: lending
        sourceRevisionDigest: sha256:1f09cd1cbff0424a1970a73e4829a80f7ba7a339f3d720a793e9e2b65ad17fe1
        sourceBlobDigest: sha256:fa9d95b78d45713a72c0e0606cd94aab70c76d28d8edb2c33545d078dc15d36b
        outLocation: ./lending
workflow:
    workflowVersion: 1.0.0
    speakeasyVersion: latest
    sources:
        accounting:
            inputs:
                - location: accounting.yaml
            registry:
                location: registry.speakeasyapi.dev/sagar-demo/sagar-demo/accounting
        lending:
            inputs:
                - location: lending.yaml
            registry:
                location: registry.speakeasyapi.dev/sagar-demo/sagar-demo/lending
    targets:
        accounting-ts:
            target: typescript
            source: accounting
            output: ./accounting
        lending-ts:
            target: typescript
            source: lending
            output: ./lending
